
Microsoft Visual Studio Solution File, Format Version 12.00
# Visual Studio Version 16
VisualStudioVersion = 16.0.32428.217
MinimumVisualStudioVersion = 10.0.40219.1
Project("{9A19103F-16F7-4668-BE54-9A1E7A4F7556}") = "Sistematico.Forms", "Sistematico.Forms\Sistematico.Forms.csproj", "{D9BA8810-338C-47CF-AF50-B43C5D9BADA9}"
EndProject
Project("{9A19103F-16F7-4668-BE54-9A1E7A4F7556}") = "Sistematico.Domain", "Sistematico.Domain\Sistematico.Domain.csproj", "{7007C107-FE0F-4C2A-B9B3-B2EF9D9380F6}"
EndProject
Project("{FAE04EC0-301F-11D3-BF4B-00C04F79EFBC}") = "Sistematico.Infraestructure", "Sistematico.Infraestructure\Sistematico.Infraestructure.csproj", "{980C9CCE-CFC2-4C48-9FF0-5A84BCF56F9A}"
EndProject
Project("{FAE04EC0-301F-11D3-BF4B-00C04F79EFBC}") = "Sistematico.Applications", "Sistematico.Applications\Sistematico.Applications.csproj", "{E2E7A326-B830-4F71-AED8-81B9B2855802}"
EndProject
Global
	GlobalSection(SolutionConfigurationPlatforms) = preSolution
		Debug|Any CPU = Debug|Any CPU
		Release|Any CPU = Release|Any CPU
	EndGlobalSection
	GlobalSection(ProjectConfigurationPlatforms) = postSolution
		{D9BA8810-338C-47CF-AF50-B43C5D9BADA9}.Debug|Any CPU.ActiveCfg = Debug|Any CPU
		{D9BA8810-338C-47CF-AF50-B43C5D9BADA9}.Debug|Any CPU.Build.0 = Debug|Any CPU
		{D9BA8810-338C-47CF-AF50-B43C5D9BADA9}.Release|Any CPU.ActiveCfg = Release|Any CPU
		{D9BA8810-338C-47CF-AF50-B43C5D9BADA9}.Release|Any CPU.Build.0 = Release|Any CPU
		{7007C107-FE0F-4C2A-B9B3-B2EF9D9380F6}.Debug|Any CPU.ActiveCfg = Debug|Any CPU
		{7007C107-FE0F-4C2A-B9B3-B2EF9D9380F6}.Debug|Any CPU.Build.0 = Debug|Any CPU
		{7007C107-FE0F-4C2A-B9B3-B2EF9D9380F6}.Release|Any CPU.ActiveCfg = Release|Any CPU
		{7007C107-FE0F-4C2A-B9B3-B2EF9D9380F6}.Release|Any CPU.Build.0 = Release|Any CPU
		{980C9CCE-CFC2-4C48-9FF0-5A84BCF56F9A}.Debug|Any CPU.ActiveCfg = Debug|Any CPU
		{980C9CCE-CFC2-4C48-9FF0-5A84BCF56F9A}.Debug|Any CPU.Build.0 = Debug|Any CPU
		{980C9CCE-CFC2-4C48-9FF0-5A84BCF56F9A}.Release|Any CPU.ActiveCfg = Release|Any CPU
		{980C9CCE-CFC2-4C48-9FF0-5A84BCF56F9A}.Release|Any CPU.Build.0 = Release|Any CPU
		{E2E7A326-B830-4F71-AED8-81B9B2855802}.Debug|Any CPU.ActiveCfg = Debug|Any CPU
		{E2E7A326-B830-4F71-AED8-81B9B2855802}.Debug|Any CPU.Build.0 = Debug|Any CPU
		{E2E7A326-B830-4F71-AED8-81B9B2855802}.Release|Any CPU.ActiveCfg = Release|Any CPU
		{E2E7A326-B830-4F71-AED8-81B9B2855802}.Release|Any CPU.Build.0 = Release|Any CPU
	EndGlobalSection
	GlobalSection(SolutionProperties) = preSolution
		HideSolutionNode = FALSE
	EndGlobalSection
	GlobalSection(ExtensibilityGlobals) = postSolution
		SolutionGuid = {A12F7669-650B-4864-BFB2-CA274E561B51}
	EndGlobalSection
EndGlobal
